
Microsoft Visual Studio Solution File, Format Version 12.00
# Visual Studio Version 17
VisualStudioVersion = 17.11.35312.102
MinimumVisualStudioVersion = 10.0.40219.1
Project("{FAE04EC0-301F-11D3-BF4B-00C04F79EFBC}") = "WPFFriday", "WPFFriday\WPFFriday.csproj", "{11AF62C3-776A-428D-9B3E-29E1EBA341BE}"
EndProject
Project("{FAE04EC0-301F-11D3-BF4B-00C04F79EFBC}") = "IOT.Resources", "IOT.Resources\IOT.Resources.csproj", "{2037CEBD-E4A1-4DD7-AC3C-B9281C6CA553}"
EndProject
Global
	GlobalSection(SolutionConfigurationPlatforms) = preSolution
		Debug|Any CPU = Debug|Any CPU
		Release|Any CPU = Release|Any CPU
	EndGlobalSection
	GlobalSection(ProjectConfigurationPlatforms) = postSolution
		{11AF62C3-776A-428D-9B3E-29E1EBA341BE}.Debug|Any CPU.ActiveCfg = Debug|Any CPU
		{11AF62C3-776A-428D-9B3E-29E1EBA341BE}.Debug|Any CPU.Build.0 = Debug|Any CPU
		{11AF62C3-776A-428D-9B3E-29E1EBA341BE}.Release|Any CPU.ActiveCfg = Release|Any CPU
		{11AF62C3-776A-428D-9B3E-29E1EBA341BE}.Release|Any CPU.Build.0 = Release|Any CPU
		{2037CEBD-E4A1-4DD7-AC3C-B9281C6CA553}.Debug|Any CPU.ActiveCfg = Debug|Any CPU
		{2037CEBD-E4A1-4DD7-AC3C-B9281C6CA553}.Debug|Any CPU.Build.0 = Debug|Any CPU
		{2037CEBD-E4A1-4DD7-AC3C-B9281C6CA553}.Release|Any CPU.ActiveCfg = Release|Any CPU
		{2037CEBD-E4A1-4DD7-AC3C-B9281C6CA553}.Release|Any CPU.Build.0 = Release|Any CPU
	EndGlobalSection
	GlobalSection(SolutionProperties) = preSolution
		HideSolutionNode = FALSE
	EndGlobalSection
	GlobalSection(ExtensibilityGlobals) = postSolution
		SolutionGuid = {6D8EFEC3-C5C0-402F-A4BC-D0E85A55554D}
	EndGlobalSection
EndGlobal
